# This file was autogenerated by uv via the following command:
#    uv pip compile requirements-dev.txt -o requirements-dev.lock
annotated-types==0.7.0
    # via pydantic
argcomplete==3.6.2
    # via nox
authlib==1.6.1
    # via safety
certifi==2025.8.3
    # via requests
cffi==1.17.1
    # via cryptography
charset-normalizer==3.4.3
    # via requests
click==8.2.1
    # via
    #   safety
    #   typer
colorlog==6.9.0
    # via nox
cryptography==45.0.6
    # via authlib
distlib==0.4.0
    # via virtualenv
dparse==0.6.4
    # via
    #   safety
    #   safety-schemas
filelock==3.19.1
    # via virtualenv
idna==3.10
    # via requests
jinja2==3.1.6
    # via safety
markdown-it-py==4.0.0
    # via rich
markupsafe==3.0.2
    # via jinja2
marshmallow==3.26.1
    # via
    #   -r requirements-dev.txt
    #   safety
mdurl==0.1.2
    # via markdown-it-py
mypy==1.10.0
    # via -r requirements-dev.txt
mypy-extensions==1.1.0
    # via mypy
nox==2024.4.15
    # via -r requirements-dev.txt
packaging==25.0
    # via
    #   dparse
    #   marshmallow
    #   nox
    #   safety
    #   safety-schemas
platformdirs==4.3.8
    # via virtualenv
pycparser==2.22
    # via cffi
pydantic==2.9.2
    # via
    #   safety
    #   safety-schemas
pydantic-core==2.23.4
    # via pydantic
pygments==2.19.2
    # via rich
requests==2.32.5
    # via safety
rich==14.1.0
    # via
    #   safety
    #   typer
ruamel-yaml==0.18.14
    # via
    #   safety
    #   safety-schemas
ruamel-yaml-clib==0.2.12
    # via ruamel-yaml
ruff==0.12.9
    # via -r requirements-dev.txt
safety==3.2.3
    # via -r requirements-dev.txt
safety-schemas==0.0.14
    # via safety
setuptools==80.9.0
    # via safety
shellingham==1.5.4
    # via typer
typer==0.16.1
    # via safety
typing-extensions==4.14.1
    # via
    #   mypy
    #   pydantic
    #   pydantic-core
    #   safety
    #   safety-schemas
    #   typer
urllib3==2.5.0
    # via
    #   requests
    #   safety
virtualenv==20.34.0
    # via nox
